
Microsoft Visual Studio Solution File, Format Version 12.00
# Visual Studio Version 16
VisualStudioVersion = 16.0.30406.217
MinimumVisualStudioVersion = 10.0.40219.1
Project("{FAE04EC0-301F-11D3-BF4B-00C04F79EFBC}") = "XMLsync", "XMLsync.csproj", "{B8594030-ECF6-47CC-8085-A4641F673CBC}"
EndProject
Global
	GlobalSection(SolutionConfigurationPlatforms) = preSolution
		Debug|Any CPU = Debug|Any CPU
		Release|Any CPU = Release|Any CPU
	EndGlobalSection
	GlobalSection(ProjectConfigurationPlatforms) = postSolution
		{B8594030-ECF6-47CC-8085-A4641F673CBC}.Debug|Any CPU.ActiveCfg = Debug|Any CPU
		{B8594030-ECF6-47CC-8085-A4641F673CBC}.Debug|Any CPU.Build.0 = Debug|Any CPU
		{B8594030-ECF6-47CC-8085-A4641F673CBC}.Release|Any CPU.ActiveCfg = Release|Any CPU
		{B8594030-ECF6-47CC-8085-A4641F673CBC}.Release|Any CPU.Build.0 = Release|Any CPU
	EndGlobalSection
	GlobalSection(SolutionProperties) = preSolution
		HideSolutionNode = FALSE
	EndGlobalSection
	GlobalSection(ExtensibilityGlobals) = postSolution
		SolutionGuid = {F7553002-A1E8-4EEB-815D-A3DBEA7B5C13}
	EndGlobalSection
EndGlobal
